
Microsoft Visual Studio Solution File, Format Version 12.00
Project("{FAE04EC0-301F-11D3-BF4B-00C04F79EFBC}") = "OrderProcessor.Domain", "OrderProcessor.Domain\OrderProcessor.Domain.csproj", "{54D6422C-0926-4281-9D1E-C11A236ABD32}"
EndProject
Project("{FAE04EC0-301F-11D3-BF4B-00C04F79EFBC}") = "OrderProcessor.Application", "OrderProcessor.Application\OrderProcessor.Application.csproj", "{C841D06B-2726-430E-B2C9-99B35B057C5D}"
EndProject
Project("{FAE04EC0-301F-11D3-BF4B-00C04F79EFBC}") = "OrderProcessor.Infrastructure", "OrderProcessor.Infrastructure\OrderProcessor.Infrastructure.csproj", "{9C62274C-A7BF-4981-87CD-38731775CC82}"
EndProject
Project("{FAE04EC0-301F-11D3-BF4B-00C04F79EFBC}") = "OrderProcessor.API", "OrderProcessor.API\OrderProcessor.API.csproj", "{260DF96D-86E5-4EBC-9A4E-5644D6983FCE}"
EndProject
Project("{FAE04EC0-301F-11D3-BF4B-00C04F79EFBC}") = "OrderProcessor.Grpc", "OrderProcessor.Grpc\OrderProcessor.Grpc.csproj", "{6332E152-8A20-4A8D-BE73-E20D1BC11040}"
EndProject
Global
	GlobalSection(SolutionConfigurationPlatforms) = preSolution
		Debug|Any CPU = Debug|Any CPU
		Release|Any CPU = Release|Any CPU
	EndGlobalSection
	GlobalSection(ProjectConfigurationPlatforms) = postSolution
		{54D6422C-0926-4281-9D1E-C11A236ABD32}.Debug|Any CPU.ActiveCfg = Debug|Any CPU
		{54D6422C-0926-4281-9D1E-C11A236ABD32}.Debug|Any CPU.Build.0 = Debug|Any CPU
		{54D6422C-0926-4281-9D1E-C11A236ABD32}.Release|Any CPU.ActiveCfg = Release|Any CPU
		{54D6422C-0926-4281-9D1E-C11A236ABD32}.Release|Any CPU.Build.0 = Release|Any CPU
		{C841D06B-2726-430E-B2C9-99B35B057C5D}.Debug|Any CPU.ActiveCfg = Debug|Any CPU
		{C841D06B-2726-430E-B2C9-99B35B057C5D}.Debug|Any CPU.Build.0 = Debug|Any CPU
		{C841D06B-2726-430E-B2C9-99B35B057C5D}.Release|Any CPU.ActiveCfg = Release|Any CPU
		{C841D06B-2726-430E-B2C9-99B35B057C5D}.Release|Any CPU.Build.0 = Release|Any CPU
		{9C62274C-A7BF-4981-87CD-38731775CC82}.Debug|Any CPU.ActiveCfg = Debug|Any CPU
		{9C62274C-A7BF-4981-87CD-38731775CC82}.Debug|Any CPU.Build.0 = Debug|Any CPU
		{9C62274C-A7BF-4981-87CD-38731775CC82}.Release|Any CPU.ActiveCfg = Release|Any CPU
		{9C62274C-A7BF-4981-87CD-38731775CC82}.Release|Any CPU.Build.0 = Release|Any CPU
		{260DF96D-86E5-4EBC-9A4E-5644D6983FCE}.Debug|Any CPU.ActiveCfg = Debug|Any CPU
		{260DF96D-86E5-4EBC-9A4E-5644D6983FCE}.Debug|Any CPU.Build.0 = Debug|Any CPU
		{260DF96D-86E5-4EBC-9A4E-5644D6983FCE}.Release|Any CPU.ActiveCfg = Release|Any CPU
		{260DF96D-86E5-4EBC-9A4E-5644D6983FCE}.Release|Any CPU.Build.0 = Release|Any CPU
		{6332E152-8A20-4A8D-BE73-E20D1BC11040}.Debug|Any CPU.ActiveCfg = Debug|Any CPU
		{6332E152-8A20-4A8D-BE73-E20D1BC11040}.Debug|Any CPU.Build.0 = Debug|Any CPU
		{6332E152-8A20-4A8D-BE73-E20D1BC11040}.Release|Any CPU.ActiveCfg = Release|Any CPU
		{6332E152-8A20-4A8D-BE73-E20D1BC11040}.Release|Any CPU.Build.0 = Release|Any CPU
	EndGlobalSection
EndGlobal
